
Microsoft Visual Studio Solution File, Format Version 12.00
# Visual Studio 2013
VisualStudioVersion = 12.0.40629.0
MinimumVisualStudioVersion = 10.0.40219.1
Project("{FAE04EC0-301F-11D3-BF4B-00C04F79EFBC}") = "Testpush", "Testpush\Testpush.csproj", "{95F3E23F-E964-4DA4-95D1-3D58946C4E0D}"
EndProject
Global
	GlobalSection(SolutionConfigurationPlatforms) = preSolution
		Debug|Any CPU = Debug|Any CPU
		Release|Any CPU = Release|Any CPU
	EndGlobalSection
	GlobalSection(ProjectConfigurationPlatforms) = postSolution
		{95F3E23F-E964-4DA4-95D1-3D58946C4E0D}.Debug|Any CPU.ActiveCfg = Debug|Any CPU
		{95F3E23F-E964-4DA4-95D1-3D58946C4E0D}.Debug|Any CPU.Build.0 = Debug|Any CPU
		{95F3E23F-E964-4DA4-95D1-3D58946C4E0D}.Release|Any CPU.ActiveCfg = Release|Any CPU
		{95F3E23F-E964-4DA4-95D1-3D58946C4E0D}.Release|Any CPU.Build.0 = Release|Any CPU
	EndGlobalSection
	GlobalSection(SolutionProperties) = preSolution
		HideSolutionNode = FALSE
	EndGlobalSection
EndGlobal
